
Microsoft Visual Studio Solution File, Format Version 12.00
# Visual Studio 15
Project("{FAE04EC0-301F-11D3-BF4B-00C04F79EFBC}") = "Assembly-CSharp", "Assembly-CSharp.csproj", "{45AA7D61-A60E-7B4F-3AF9-C005A27320E8}"
EndProject
Project("{FAE04EC0-301F-11D3-BF4B-00C04F79EFBC}") = "Assembly-CSharp-Editor", "Assembly-CSharp-Editor.csproj", "{A8873E46-13B5-EE42-4E20-4D8B4D8CD388}"
EndProject
Global
	GlobalSection(SolutionConfigurationPlatforms) = preSolution
		Debug|Any CPU = Debug|Any CPU
		Release|Any CPU = Release|Any CPU
	EndGlobalSection
	GlobalSection(ProjectConfigurationPlatforms) = postSolution
		{45AA7D61-A60E-7B4F-3AF9-C005A27320E8}.Debug|Any CPU.ActiveCfg = Debug|Any CPU
		{45AA7D61-A60E-7B4F-3AF9-C005A27320E8}.Debug|Any CPU.Build.0 = Debug|Any CPU
		{45AA7D61-A60E-7B4F-3AF9-C005A27320E8}.Release|Any CPU.ActiveCfg = Release|Any CPU
		{45AA7D61-A60E-7B4F-3AF9-C005A27320E8}.Release|Any CPU.Build.0 = Release|Any CPU
		{A8873E46-13B5-EE42-4E20-4D8B4D8CD388}.Debug|Any CPU.ActiveCfg = Debug|Any CPU
		{A8873E46-13B5-EE42-4E20-4D8B4D8CD388}.Debug|Any CPU.Build.0 = Debug|Any CPU
		{A8873E46-13B5-EE42-4E20-4D8B4D8CD388}.Release|Any CPU.ActiveCfg = Release|Any CPU
		{A8873E46-13B5-EE42-4E20-4D8B4D8CD388}.Release|Any CPU.Build.0 = Release|Any CPU
	EndGlobalSection
	GlobalSection(SolutionProperties) = preSolution
		HideSolutionNode = FALSE
	EndGlobalSection
EndGlobal
